// !$*UTF8*$!
{
	archiveVersion = 1;
	classes = {
	};
	objectVersion = 46;
	objects = {

/* Begin PBXBuildFile section */
		239FADE6173A42B10083CE46 /* UIKit.framework in Frameworks */ = {isa = PBXBuildFile; fileRef = 239FADE5173A42B10083CE46 /* UIKit.framework */; };
		239FADE8173A42B10083CE46 /* Foundation.framework in Frameworks */ = {isa = PBXBuildFile; fileRef = 239FADE7173A42B10083CE46 /* Foundation.framework */; };
		239FADEA173A42B10083CE46 /* CoreGraphics.framework in Frameworks */ = {isa = PBXBuildFile; fileRef = 239FADE9173A42B10083CE46 /* CoreGraphics.framework */; };
		239FADF0173A42B10083CE46 /* InfoPlist.strings in Resources */ = {isa = PBXBuildFile; fileRef = 239FADEE173A42B10083CE46 /* InfoPlist.strings */; };
		239FADF2173A42B10083CE46 /* main.m in Sources */ = {isa = PBXBuildFile; fileRef = 239FADF1173A42B10083CE46 /* main.m */; };
		239FADF6173A42B10083CE46 /* AppDelegate.m in Sources */ = {isa = PBXBuildFile; fileRef = 239FADF5173A42B10083CE46 /* AppDelegate.m */; };
		239FADF8173A42B10083CE46 /* Default.png in Resources */ = {isa = PBXBuildFile; fileRef = 239FADF7173A42B10083CE46 /* Default.png */; };
		239FADFA173A42B10083CE46 /* Default@2x.png in Resources */ = {isa = PBXBuildFile; fileRef = 239FADF9173A42B10083CE46 /* Default@2x.png */; };
		239FADFC173A42B10083CE46 /* Default-568h@2x.png in Resources */ = {isa = PBXBuildFile; fileRef = 239FADFB173A42B10083CE46 /* Default-568h@2x.png */; };
		239FADFF173A42B10083CE46 /* MainStoryboard_iPhone.storyboard in Resources */ = {isa = PBXBuildFile; fileRef = 239FADFD173A42B10083CE46 /* MainStoryboard_iPhone.storyboard */; };
		239FAE02173A42B10083CE46 /* MainStoryboard_iPad.storyboard in Resources */ = {isa = PBXBuildFile; fileRef = 239FAE00173A42B10083CE46 /* MainStoryboard_iPad.storyboard */; };
		239FAE05173A42B10083CE46 /* MasterViewController.m in Sources */ = {isa = PBXBuildFile; fileRef = 239FAE04173A42B10083CE46 /* MasterViewController.m */; };
		239FAE08173A42B10083CE46 /* DetailViewController.m in Sources */ = {isa = PBXBuildFile; fileRef = 239FAE07173A42B10083CE46 /* DetailViewController.m */; };
		239FAE10173A42B10083CE46 /* SenTestingKit.framework in Frameworks */ = {isa = PBXBuildFile; fileRef = 239FAE0F173A42B10083CE46 /* SenTestingKit.framework */; };
		239FAE11173A42B10083CE46 /* UIKit.framework in Frameworks */ = {isa = PBXBuildFile; fileRef = 239FADE5173A42B10083CE46 /* UIKit.framework */; };
		239FAE12173A42B10083CE46 /* Foundation.framework in Frameworks */ = {isa = PBXBuildFile; fileRef = 239FADE7173A42B10083CE46 /* Foundation.framework */; };
		239FAE1A173A42B10083CE46 /* InfoPlist.strings in Resources */ = {isa = PBXBuildFile; fileRef = 239FAE18173A42B10083CE46 /* InfoPlist.strings */; };
		239FAE1D173A42B10083CE46 /* Map_TyrifjordenTests.m in Sources */ = {isa = PBXBuildFile; fileRef = 239FAE1C173A42B10083CE46 /* Map_TyrifjordenTests.m */; };
/* End PBXBuildFile section */

/* Begin PBXContainerItemProxy section */
		239FAE13173A42B10083CE46 /* PBXContainerItemProxy */ = {
			isa = PBXContainerItemProxy;
			containerPortal = 239FADDA173A42B10083CE46 /* Project object */;
			proxyType = 1;
			remoteGlobalIDString = 239FADE1173A42B10083CE46;
			remoteInfo = Map_Tyrifjorden;
		};
/* End PBXContainerItemProxy section */

/* Begin PBXFileReference section */
		239FADE2173A42B10083CE46 /* Map_Tyrifjorden.app */ = {isa = PBXFileReference; explicitFileType = wrapper.application; includeInIndex = 0; path = Map_Tyrifjorden.app; sourceTree = BUILT_PRODUCTS_DIR; };
		239FADE5173A42B10083CE46 /* UIKit.framework */ = {isa = PBXFileReference; lastKnownFileType = wrapper.framework; name = UIKit.framework; path = System/Library/Frameworks/UIKit.framework; sourceTree = SDKROOT; };
		239FADE7173A42B10083CE46 /* Foundation.framework */ = {isa = PBXFileReference; lastKnownFileType = wrapper.framework; name = Foundation.framework; path = System/Library/Frameworks/Foundation.framework; sourceTree = SDKROOT; };
		239FADE9173A42B10083CE46 /* CoreGraphics.framework */ = {isa = PBXFileReference; lastKnownFileType = wrapper.framework; name = CoreGraphics.framework; path = System/Library/Frameworks/CoreGraphics.framework; sourceTree = SDKROOT; };
		239FADED173A42B10083CE46 /* Map_Tyrifjorden-Info.plist */ = {isa = PBXFileReference; lastKnownFileType = text.plist.xml; path = "Map_Tyrifjorden-Info.plist"; sourceTree = "<group>"; };
		239FADEF173A42B10083CE46 /* en */ = {isa = PBXFileReference; lastKnownFileType = text.plist.strings; name = en; path = en.lproj/InfoPlist.strings; sourceTree = "<group>"; };
		239FADF1173A42B10083CE46 /* main.m */ = {isa = PBXFileReference; lastKnownFileType = sourcecode.c.objc; path = main.m; sourceTree = "<group>"; };
		239FADF3173A42B10083CE46 /* Map_Tyrifjorden-Prefix.pch */ = {isa = PBXFileReference; lastKnownFileType = sourcecode.c.h; path = "Map_Tyrifjorden-Prefix.pch"; sourceTree = "<group>"; };
		239FADF4173A42B10083CE46 /* AppDelegate.h */ = {isa = PBXFileReference; lastKnownFileType = sourcecode.c.h; path = AppDelegate.h; sourceTree = "<group>"; };
		239FADF5173A42B10083CE46 /* AppDelegate.m */ = {isa = PBXFileReference; lastKnownFileType = sourcecode.c.objc; path = AppDelegate.m; sourceTree = "<group>"; };
		239FADF7173A42B10083CE46 /* Default.png */ = {isa = PBXFileReference; lastKnownFileType = image.png; path = Default.png; sourceTree = "<group>"; };
		239FADF9173A42B10083CE46 /* Default@2x.png */ = {isa = PBXFileReference; lastKnownFileType = image.png; path = "Default@2x.png"; sourceTree = "<group>"; };
		239FADFB173A42B10083CE46 /* Default-568h@2x.png */ = {isa = PBXFileReference; lastKnownFileType = image.png; path = "Default-568h@2x.png"; sourceTree = "<group>"; };
		239FADFE173A42B10083CE46 /* en */ = {isa = PBXFileReference; lastKnownFileType = file.storyboard; name = en; path = en.lproj/MainStoryboard_iPhone.storyboard; sourceTree = "<group>"; };
		239FAE01173A42B10083CE46 /* en */ = {isa = PBXFileReference; lastKnownFileType = file.storyboard; name = en; path = en.lproj/MainStoryboard_iPad.storyboard; sourceTree = "<group>"; };
		239FAE03173A42B10083CE46 /* MasterViewController.h */ = {isa = PBXFileReference; lastKnownFileType = sourcecode.c.h; path = MasterViewController.h; sourceTree = "<group>"; };
		239FAE04173A42B10083CE46 /* MasterViewController.m */ = {isa = PBXFileReference; lastKnownFileType = sourcecode.c.objc; path = MasterViewController.m; sourceTree = "<group>"; };
		239FAE06173A42B10083CE46 /* DetailViewController.h */ = {isa = PBXFileReference; lastKnownFileType = sourcecode.c.h; path = DetailViewController.h; sourceTree = "<group>"; };
		239FAE07173A42B10083CE46 /* DetailViewController.m */ = {isa = PBXFileReference; lastKnownFileType = sourcecode.c.objc; path = DetailViewController.m; sourceTree = "<group>"; };
		239FAE0E173A42B10083CE46 /* Map_TyrifjordenTests.octest */ = {isa = PBXFileReference; explicitFileType = wrapper.cfbundle; includeInIndex = 0; path = Map_TyrifjordenTests.octest; sourceTree = BUILT_PRODUCTS_DIR; };
		239FAE0F173A42B10083CE46 /* SenTestingKit.framework */ = {isa = PBXFileReference; lastKnownFileType = wrapper.framework; name = SenTestingKit.framework; path = Library/Frameworks/SenTestingKit.framework; sourceTree = DEVELOPER_DIR; };
		239FAE17173A42B10083CE46 /* Map_TyrifjordenTests-Info.plist */ = {isa = PBXFileReference; lastKnownFileType = text.plist.xml; path = "Map_TyrifjordenTests-Info.plist"; sourceTree = "<group>"; };
		239FAE19173A42B10083CE46 /* en */ = {isa = PBXFileReference; lastKnownFileType = text.plist.strings; name = en; path = en.lproj/InfoPlist.strings; sourceTree = "<group>"; };
		239FAE1B173A42B10083CE46 /* Map_TyrifjordenTests.h */ = {isa = PBXFileReference; lastKnownFileType = sourcecode.c.h; path = Map_TyrifjordenTests.h; sourceTree = "<group>"; };
		239FAE1C173A42B10083CE46 /* Map_TyrifjordenTests.m */ = {isa = PBXFileReference; lastKnownFileType = sourcecode.c.objc; path = Map_TyrifjordenTests.m; sourceTree = "<group>"; };
/* End PBXFileReference section */

/* Begin PBXFrameworksBuildPhase section */
		239FADDF173A42B10083CE46 /* Frameworks */ = {
			isa = PBXFrameworksBuildPhase;
			buildActionMask = 2147483647;
			files = (
				239FADE6173A42B10083CE46 /* UIKit.framework in Frameworks */,
				239FADE8173A42B10083CE46 /* Foundation.framework in Frameworks */,
				239FADEA173A42B10083CE46 /* CoreGraphics.framework in Frameworks */,
			);
			runOnlyForDeploymentPostprocessing = 0;
		};
		239FAE0A173A42B10083CE46 /* Frameworks */ = {
			isa = PBXFrameworksBuildPhase;
			buildActionMask = 2147483647;
			files = (
				239FAE10173A42B10083CE46 /* SenTestingKit.framework in Frameworks */,
				239FAE11173A42B10083CE46 /* UIKit.framework in Frameworks */,
				239FAE12173A42B10083CE46 /* Foundation.framework in Frameworks */,
			);
			runOnlyForDeploymentPostprocessing = 0;
		};
/* End PBXFrameworksBuildPhase section */

/* Begin PBXGroup section */
		239FADD9173A42B10083CE46 = {
			isa = PBXGroup;
			children = (
				239FADEB173A42B10083CE46 /* Map_Tyrifjorden */,
				239FAE15173A42B10083CE46 /* Map_TyrifjordenTests */,
				239FADE4173A42B10083CE46 /* Frameworks */,
				239FADE3173A42B10083CE46 /* Products */,
			);
			sourceTree = "<group>";
		};
		239FADE3173A42B10083CE46 /* Products */ = {
			isa = PBXGroup;
			children = (
				239FADE2173A42B10083CE46 /* Map_Tyrifjorden.app */,
				239FAE0E173A42B10083CE46 /* Map_TyrifjordenTests.octest */,
			);
			name = Products;
			sourceTree = "<group>";
		};
		239FADE4173A42B10083CE46 /* Frameworks */ = {
			isa = PBXGroup;
			children = (
				239FADE5173A42B10083CE46 /* UIKit.framework */,
				239FADE7173A42B10083CE46 /* Foundation.framework */,
				239FADE9173A42B10083CE46 /* CoreGraphics.framework */,
				239FAE0F173A42B10083CE46 /* SenTestingKit.framework */,
			);
			name = Frameworks;
			sourceTree = "<group>";
		};
		239FADEB173A42B10083CE46 /* Map_Tyrifjorden */ = {
			isa = PBXGroup;
			children = (
				239FADF4173A42B10083CE46 /* AppDelegate.h */,
				239FADF5173A42B10083CE46 /* AppDelegate.m */,
				239FADFD173A42B10083CE46 /* MainStoryboard_iPhone.storyboard */,
				239FAE00173A42B10083CE46 /* MainStoryboard_iPad.storyboard */,
				239FAE03173A42B10083CE46 /* MasterViewController.h */,
				239FAE04173A42B10083CE46 /* MasterViewController.m */,
				239FAE06173A42B10083CE46 /* DetailViewController.h */,
				239FAE07173A42B10083CE46 /* DetailViewController.m */,
				239FADEC173A42B10083CE46 /* Supporting Files */,
			);
			path = Map_Tyrifjorden;
			sourceTree = "<group>";
		};
		239FADEC173A42B10083CE46 /* Supporting Files */ = {
			isa = PBXGroup;
			children = (
				239FADED173A42B10083CE46 /* Map_Tyrifjorden-Info.plist */,
				239FADEE173A42B10083CE46 /* InfoPlist.strings */,
				239FADF1173A42B10083CE46 /* main.m */,
				239FADF3173A42B10083CE46 /* Map_Tyrifjorden-Prefix.pch */,
				239FADF7173A42B10083CE46 /* Default.png */,
				239FADF9173A42B10083CE46 /* Default@2x.png */,
				239FADFB173A42B10083CE46 /* Default-568h@2x.png */,
			);
			name = "Supporting Files";
			sourceTree = "<group>";
		};
		239FAE15173A42B10083CE46 /* Map_TyrifjordenTests */ = {
			isa = PBXGroup;
			children = (
				239FAE1B173A42B10083CE46 /* Map_TyrifjordenTests.h */,
				239FAE1C173A42B10083CE46 /* Map_TyrifjordenTests.m */,
				239FAE16173A42B10083CE46 /* Supporting Files */,
			);
			path = Map_TyrifjordenTests;
			sourceTree = "<group>";
		};
		239FAE16173A42B10083CE46 /* Supporting Files */ = {
			isa = PBXGroup;
			children = (
				239FAE17173A42B10083CE46 /* Map_TyrifjordenTests-Info.plist */,
				239FAE18173A42B10083CE46 /* InfoPlist.strings */,
			);
			name = "Supporting Files";
			sourceTree = "<group>";
		};
/* End PBXGroup section */

/* Begin PBXNativeTarget section */
		239FADE1173A42B10083CE46 /* Map_Tyrifjorden */ = {
			isa = PBXNativeTarget;
			buildConfigurationList = 239FAE20173A42B10083CE46 /* Build configuration list for PBXNativeTarget "Map_Tyrifjorden" */;
			buildPhases = (
				239FADDE173A42B10083CE46 /* Sources */,
				239FADDF173A42B10083CE46 /* Frameworks */,
				239FADE0173A42B10083CE46 /* Resources */,
			);
			buildRules = (
			);
			dependencies = (
			);
			name = Map_Tyrifjorden;
			productName = Map_Tyrifjorden;
			productReference = 239FADE2173A42B10083CE46 /* Map_Tyrifjorden.app */;
			productType = "com.apple.product-type.application";
		};
		239FAE0D173A42B10083CE46 /* Map_TyrifjordenTests */ = {
			isa = PBXNativeTarget;
			buildConfigurationList = 239FAE23173A42B10083CE46 /* Build configuration list for PBXNativeTarget "Map_TyrifjordenTests" */;
			buildPhases = (
				239FAE09173A42B10083CE46 /* Sources */,
				239FAE0A173A42B10083CE46 /* Frameworks */,
				239FAE0B173A42B10083CE46 /* Resources */,
				239FAE0C173A42B10083CE46 /* ShellScript */,
			);
			buildRules = (
			);
			dependencies = (
				239FAE14173A42B10083CE46 /* PBXTargetDependency */,
			);
			name = Map_TyrifjordenTests;
			productName = Map_TyrifjordenTests;
			productReference = 239FAE0E173A42B10083CE46 /* Map_TyrifjordenTests.octest */;
			productType = "com.apple.product-type.bundle";
		};
/* End PBXNativeTarget section */

/* Begin PBXProject section */
		239FADDA173A42B10083CE46 /* Project object */ = {
			isa = PBXProject;
			attributes = {
				LastUpgradeCheck = 0460;
				ORGANIZATIONNAME = "Gjermund Røsholt";
			};
			buildConfigurationList = 239FADDD173A42B10083CE46 /* Build configuration list for PBXProject "Map_Tyrifjorden" */;
			compatibilityVersion = "Xcode 3.2";
			developmentRegion = English;
			hasScannedForEncodings = 0;
			knownRegions = (
				en,
			);
			mainGroup = 239FADD9173A42B10083CE46;
			productRefGroup = 239FADE3173A42B10083CE46 /* Products */;
			projectDirPath = "";
			projectRoot = "";
			targets = (
				239FADE1173A42B10083CE46 /* Map_Tyrifjorden */,
				239FAE0D173A42B10083CE46 /* Map_TyrifjordenTests */,
			);
		};
/* End PBXProject section */

/* Begin PBXResourcesBuildPhase section */
		239FADE0173A42B10083CE46 /* Resources */ = {
			isa = PBXResourcesBuildPhase;
			buildActionMask = 2147483647;
			files = (
				239FADF0173A42B10083CE46 /* InfoPlist.strings in Resources */,
				239FADF8173A42B10083CE46 /* Default.png in Resources */,
				239FADFA173A42B10083CE46 /* Default@2x.png in Resources */,
				239FADFC173A42B10083CE46 /* Default-568h@2x.png in Resources */,
				239FADFF173A42B10083CE46 /* MainStoryboard_iPhone.storyboard in Resources */,
				239FAE02173A42B10083CE46 /* MainStoryboard_iPad.storyboard in Resources */,
			);
			runOnlyForDeploymentPostprocessing = 0;
		};
		239FAE0B173A42B10083CE46 /* Resources */ = {
			isa = PBXResourcesBuildPhase;
			buildActionMask = 2147483647;
			files = (
				239FAE1A173A42B10083CE46 /* InfoPlist.strings in Resources */,
			);
			runOnlyForDeploymentPostprocessing = 0;
		};
/* End PBXResourcesBuildPhase section */

/* Begin PBXShellScriptBuildPhase section */
		239FAE0C173A42B10083CE46 /* ShellScript */ = {
			isa = PBXShellScriptBuildPhase;
			buildActionMask = 2147483647;
			files = (
			);
			inputPaths = (
			);
			outputPaths = (
			);
			runOnlyForDeploymentPostprocessing = 0;
			shellPath = /bin/sh;
			shellScript = "# Run the unit tests in this test bundle.\n\"${SYSTEM_DEVELOPER_DIR}/Tools/RunUnitTests\"\n";
		};
/* End PBXShellScriptBuildPhase section */

/* Begin PBXSourcesBuildPhase section */
		239FADDE173A42B10083CE46 /* Sources */ = {
			isa = PBXSourcesBuildPhase;
			buildActionMask = 2147483647;
			files = (
				239FADF2173A42B10083CE46 /* main.m in Sources */,
				239FADF6173A42B10083CE46 /* AppDelegate.m in Sources */,
				239FAE05173A42B10083CE46 /* MasterViewController.m in Sources */,
				239FAE08173A42B10083CE46 /* DetailViewController.m in Sources */,
			);
			runOnlyForDeploymentPostprocessing = 0;
		};
		239FAE09173A42B10083CE46 /* Sources */ = {
			isa = PBXSourcesBuildPhase;
			buildActionMask = 2147483647;
			files = (
				239FAE1D173A42B10083CE46 /* Map_TyrifjordenTests.m in Sources */,
			);
			runOnlyForDeploymentPostprocessing = 0;
		};
/* End PBXSourcesBuildPhase section */

/* Begin PBXTargetDependency section */
		239FAE14173A42B10083CE46 /* PBXTargetDependency */ = {
			isa = PBXTargetDependency;
			target = 239FADE1173A42B10083CE46 /* Map_Tyrifjorden */;
			targetProxy = 239FAE13173A42B10083CE46 /* PBXContainerItemProxy */;
		};
/* End PBXTargetDependency section */

/* Begin PBXVariantGroup section */
		239FADEE173A42B10083CE46 /* InfoPlist.strings */ = {
			isa = PBXVariantGroup;
			children = (
				239FADEF173A42B10083CE46 /* en */,
			);
			name = InfoPlist.strings;
			sourceTree = "<group>";
		};
		239FADFD173A42B10083CE46 /* MainStoryboard_iPhone.storyboard */ = {
			isa = PBXVariantGroup;
			children = (
				239FADFE173A42B10083CE46 /* en */,
			);
			name = MainStoryboard_iPhone.storyboard;
			sourceTree = "<group>";
		};
		239FAE00173A42B10083CE46 /* MainStoryboard_iPad.storyboard */ = {
			isa = PBXVariantGroup;
			children = (
				239FAE01173A42B10083CE46 /* en */,
			);
			name = MainStoryboard_iPad.storyboard;
			sourceTree = "<group>";
		};
		239FAE18173A42B10083CE46 /* InfoPlist.strings */ = {
			isa = PBXVariantGroup;
			children = (
				239FAE19173A42B10083CE46 /* en */,
			);
			name = InfoPlist.strings;
			sourceTree = "<group>";
		};
/* End PBXVariantGroup section */

/* Begin XCBuildConfiguration section */
		239FAE1E173A42B10083CE46 /* Debug */ = {
			isa = XCBuildConfiguration;
			buildSettings = {
				ALWAYS_SEARCH_USER_PATHS = NO;
				CLANG_CXX_LANGUAGE_STANDARD = "gnu++0x";
				CLANG_CXX_LIBRARY = "libc++";
				CLANG_ENABLE_OBJC_ARC = YES;
				CLANG_WARN_CONSTANT_CONVERSION = YES;
				CLANG_WARN_EMPTY_BODY = YES;
				CLANG_WARN_ENUM_CONVERSION = YES;
				CLANG_WARN_INT_CONVERSION = YES;
				CLANG_WARN__DUPLICATE_METHOD_MATCH = YES;
				"CODE_SIGN_IDENTITY[sdk=iphoneos*]" = "iPhone Developer";
				COPY_PHASE_STRIP = NO;
				GCC_C_LANGUAGE_STANDARD = gnu99;
				GCC_DYNAMIC_NO_PIC = NO;
				GCC_OPTIMIZATION_LEVEL = 0;
				GCC_PREPROCESSOR_DEFINITIONS = (
					"DEBUG=1",
					"$(inherited)",
				);
				GCC_SYMBOLS_PRIVATE_EXTERN = NO;
				GCC_WARN_ABOUT_RETURN_TYPE = YES;
				GCC_WARN_UNINITIALIZED_AUTOS = YES;
				GCC_WARN_UNUSED_VARIABLE = YES;
				IPHONEOS_DEPLOYMENT_TARGET = 6.1;
				ONLY_ACTIVE_ARCH = YES;
				SDKROOT = iphoneos;
				TARGETED_DEVICE_FAMILY = "1,2";
			};
			name = Debug;
		};
		239FAE1F173A42B10083CE46 /* Release */ = {
			isa = XCBuildConfiguration;
			buildSettings = {
				ALWAYS_SEARCH_USER_PATHS = NO;
				CLANG_CXX_LANGUAGE_STANDARD = "gnu++0x";
				CLANG_CXX_LIBRARY = "libc++";
				CLANG_ENABLE_OBJC_ARC = YES;
				CLANG_WARN_CONSTANT_CONVERSION = YES;
				CLANG_WARN_EMPTY_BODY = YES;
				CLANG_WARN_ENUM_CONVERSION = YES;
				CLANG_WARN_INT_CONVERSION = YES;
				CLANG_WARN__DUPLICATE_METHOD_MATCH = YES;
				"CODE_SIGN_IDENTITY[sdk=iphoneos*]" = "iPhone Developer";
				COPY_PHASE_STRIP = YES;
				GCC_C_LANGUAGE_STANDARD = gnu99;
				GCC_WARN_ABOUT_RETURN_TYPE = YES;
				GCC_WARN_UNINITIALIZED_AUTOS = YES;
				GCC_WARN_UNUSED_VARIABLE = YES;
				IPHONEOS_DEPLOYMENT_TARGET = 6.1;
				OTHER_CFLAGS = "-DNS_BLOCK_ASSERTIONS=1";
				SDKROOT = iphoneos;
				TARGETED_DEVICE_FAMILY = "1,2";
				VALIDATE_PRODUCT = YES;
			};
			name = Release;
		};
		239FAE21173A42B10083CE46 /* Debug */ = {
			isa = XCBuildConfiguration;
			buildSettings = {
				GCC_PRECOMPILE_PREFIX_HEADER = YES;
				GCC_PREFIX_HEADER = "Map_Tyrifjorden/Map_Tyrifjorden-Prefix.pch";
				INFOPLIST_FILE = "Map_Tyrifjorden/Map_Tyrifjorden-Info.plist";
				PRODUCT_NAME = "$(TARGET_NAME)";
				WRAPPER_EXTENSION = app;
			};
			name = Debug;
		};
		239FAE22173A42B10083CE46 /* Release */ = {
			isa = XCBuildConfiguration;
			buildSettings = {
				GCC_PRECOMPILE_PREFIX_HEADER = YES;
				GCC_PREFIX_HEADER = "Map_Tyrifjorden/Map_Tyrifjorden-Prefix.pch";
				INFOPLIST_FILE = "Map_Tyrifjorden/Map_Tyrifjorden-Info.plist";
				PRODUCT_NAME = "$(TARGET_NAME)";
				WRAPPER_EXTENSION = app;
			};
			name = Release;
		};
		239FAE24173A42B10083CE46 /* Debug */ = {
			isa = XCBuildConfiguration;
			buildSettings = {
				BUNDLE_LOADER = "$(BUILT_PRODUCTS_DIR)/Map_Tyrifjorden.app/Map_Tyrifjorden";
				FRAMEWORK_SEARCH_PATHS = (
					"\"$(SDKROOT)/Developer/Library/Frameworks\"",
					"\"$(DEVELOPER_LIBRARY_DIR)/Frameworks\"",
				);
				GCC_PRECOMPILE_PREFIX_HEADER = YES;
				GCC_PREFIX_HEADER = "Map_Tyrifjorden/Map_Tyrifjorden-Prefix.pch";
				INFOPLIST_FILE = "Map_TyrifjordenTests/Map_TyrifjordenTests-Info.plist";
				PRODUCT_NAME = "$(TARGET_NAME)";
				TEST_HOST = "$(BUNDLE_LOADER)";
				WRAPPER_EXTENSION = octest;
			};
			name = Debug;
		};
		239FAE25173A42B10083CE46 /* Release */ = {
			isa = XCBuildConfiguration;
			buildSettings = {
				BUNDLE_LOADER = "$(BUILT_PRODUCTS_DIR)/Map_Tyrifjorden.app/Map_Tyrifjorden";
				FRAMEWORK_SEARCH_PATHS = (
					"\"$(SDKROOT)/Developer/Library/Frameworks\"",
					"\"$(DEVELOPER_LIBRARY_DIR)/Frameworks\"",
				);
				GCC_PRECOMPILE_PREFIX_HEADER = YES;
				GCC_PREFIX_HEADER = "Map_Tyrifjorden/Map_Tyrifjorden-Prefix.pch";
				INFOPLIST_FILE = "Map_TyrifjordenTests/Map_TyrifjordenTests-Info.plist";
				PRODUCT_NAME = "$(TARGET_NAME)";
				TEST_HOST = "$(BUNDLE_LOADER)";
				WRAPPER_EXTENSION = octest;
			};
			name = Release;
		};
/* End XCBuildConfiguration section */

/* Begin XCConfigurationList section */
		239FADDD173A42B10083CE46 /* Build configuration list for PBXProject "Map_Tyrifjorden" */ = {
			isa = XCConfigurationList;
			buildConfigurations = (
				239FAE1E173A42B10083CE46 /* Debug */,
				239FAE1F173A42B10083CE46 /* Release */,
			);
			defaultConfigurationIsVisible = 0;
			defaultConfigurationName = Release;
		};
		239FAE20173A42B10083CE46 /* Build configuration list for PBXNativeTarget "Map_Tyrifjorden" */ = {
			isa = XCConfigurationList;
			buildConfigurations = (
				239FAE21173A42B10083CE46 /* Debug */,
				239FAE22173A42B10083CE46 /* Release */,
			);
			defaultConfigurationIsVisible = 0;
		};
		239FAE23173A42B10083CE46 /* Build configuration list for PBXNativeTarget "Map_TyrifjordenTests" */ = {
			isa = XCConfigurationList;
			buildConfigurations = (
				239FAE24173A42B10083CE46 /* Debug */,
				239FAE25173A42B10083CE46 /* Release */,
			);
			defaultConfigurationIsVisible = 0;
		};
/* End XCConfigurationList section */
	};
	rootObject = 239FADDA173A42B10083CE46 /* Project object */;
}
